
Microsoft Visual Studio Solution File, Format Version 12.00
# Visual Studio 14
VisualStudioVersion = 14.0.25420.1
MinimumVisualStudioVersion = 10.0.40219.1
Project("{FAE04EC0-301F-11D3-BF4B-00C04F79EFBC}") = "T3000.LEDS", "T3000.LEDS\T3000.LEDS.csproj", "{A222FFF1-F9F3-4225-A7FE-FBACEC37C589}"
EndProject
Project("{FAE04EC0-301F-11D3-BF4B-00C04F79EFBC}") = "Led", "LED_src\Led.csproj", "{F2876539-59CD-49A7-87E9-219D439BED94}"
EndProject
Global
	GlobalSection(SolutionConfigurationPlatforms) = preSolution
		Debug|Any CPU = Debug|Any CPU
		Release|Any CPU = Release|Any CPU
	EndGlobalSection
	GlobalSection(ProjectConfigurationPlatforms) = postSolution
		{A222FFF1-F9F3-4225-A7FE-FBACEC37C589}.Debug|Any CPU.ActiveCfg = Debug|Any CPU
		{A222FFF1-F9F3-4225-A7FE-FBACEC37C589}.Debug|Any CPU.Build.0 = Debug|Any CPU
		{A222FFF1-F9F3-4225-A7FE-FBACEC37C589}.Release|Any CPU.ActiveCfg = Release|Any CPU
		{A222FFF1-F9F3-4225-A7FE-FBACEC37C589}.Release|Any CPU.Build.0 = Release|Any CPU
		{F2876539-59CD-49A7-87E9-219D439BED94}.Debug|Any CPU.ActiveCfg = Debug|Any CPU
		{F2876539-59CD-49A7-87E9-219D439BED94}.Debug|Any CPU.Build.0 = Debug|Any CPU
		{F2876539-59CD-49A7-87E9-219D439BED94}.Release|Any CPU.ActiveCfg = Release|Any CPU
		{F2876539-59CD-49A7-87E9-219D439BED94}.Release|Any CPU.Build.0 = Release|Any CPU
	EndGlobalSection
	GlobalSection(SolutionProperties) = preSolution
		HideSolutionNode = FALSE
	EndGlobalSection
EndGlobal
