<?xml version="1.0" encoding="utf-8"?>
<Project ToolsVersion="4.0" xmlns="http://schemas.microsoft.com/developer/msbuild/2003">
  <ItemGroup>
    <Filter Include="Archivos de código fuente">
      <UniqueIdentifier>{4FC737F1-C7A5-4376-A066-2A32D752A2FF}</UniqueIdentifier>
      <Extensions>cpp;c;cc;cxx;def;odl;idl;hpj;bat;asm;asmx</Extensions>
    </Filter>
    <Filter Include="Archivos de encabezado">
      <UniqueIdentifier>{93995380-89BD-4b04-88EB-625FBE52EBFB}</UniqueIdentifier>
      <Extensions>h;hpp;hxx;hm;inl;inc;xsd</Extensions>
    </Filter>
    <Filter Include="Archivos de recursos">
      <UniqueIdentifier>{67DA6AB6-F800-4c08-8B7A-83BB121AAD01}</UniqueIdentifier>
      <Extensions>rc;ico;cur;bmp;dlg;rc2;rct;bin;rgs;gif;jpg;jpeg;jpe;resx;tiff;tif;png;wav;mfcribbon-ms</Extensions>
    </Filter>
  </ItemGroup>
  <ItemGroup>
    <None Include="ReadMe.txt" />
    <None Include="res\file_view.ico">
      <Filter>Archivos de recursos</Filter>
    </None>
    <None Include="res\file_view_hc.ico">
      <Filter>Archivos de recursos</Filter>
    </None>
    <None Include="res\class_view.ico">
      <Filter>Archivos de recursos</Filter>
    </None>
    <None Include="res\class_view_hc.ico">
      <Filter>Archivos de recursos</Filter>
    </None>
    <None Include="res\fileview.bmp">
      <Filter>Archivos de recursos</Filter>
    </None>
    <None Include="res\fileview_hc.bmp">
      <Filter>Archivos de recursos</Filter>
    </None>
    <None Include="res\classview.bmp">
      <Filter>Archivos de recursos</Filter>
    </None>
    <None Include="res\classview_hc.bmp">
      <Filter>Archivos de recursos</Filter>
    </None>
    <None Include="res\explorer.bmp">
      <Filter>Archivos de recursos</Filter>
    </None>
    <None Include="res\explorer_hc.bmp">
      <Filter>Archivos de recursos</Filter>
    </None>
    <None Include="res\sort.bmp">
      <Filter>Archivos de recursos</Filter>
    </None>
    <None Include="res\sort_hc.bmp">
      <Filter>Archivos de recursos</Filter>
    </None>
    <None Include="res\menuimages.bmp">
      <Filter>Archivos de recursos</Filter>
    </None>
    <None Include="res\menuimages_hc.bmp">
      <Filter>Archivos de recursos</Filter>
    </None>
    <None Include="res\output_wnd.ico">
      <Filter>Archivos de recursos</Filter>
    </None>
    <None Include="res\output_wnd_hc.ico">
      <Filter>Archivos de recursos</Filter>
    </None>
    <None Include="res\properties_wnd.ico">
      <Filter>Archivos de recursos</Filter>
    </None>
    <None Include="res\properties_wnd_hc.ico">
      <Filter>Archivos de recursos</Filter>
    </None>
    <None Include="res\properties.bmp">
      <Filter>Archivos de recursos</Filter>
    </None>
    <None Include="res\properties_hc.bmp">
      <Filter>Archivos de recursos</Filter>
    </None>
    <None Include="UserImages.bmp">
      <Filter>Archivos de recursos</Filter>
    </None>
    <None Include="res\MFCTestEditor.rc2">
      <Filter>Archivos de recursos</Filter>
    </None>
    <None Include="res\MFCTestEditorDoc.ico">
      <Filter>Archivos de recursos</Filter>
    </None>
    <None Include="res\MFCTestEditor.ico">
      <Filter>Archivos de recursos</Filter>
    </None>
    <None Include="res\Toolbar.bmp">
      <Filter>Archivos de recursos</Filter>
    </None>
    <None Include="res\Toolbar256.bmp">
      <Filter>Archivos de recursos</Filter>
    </None>
  </ItemGroup>
  <ItemGroup>
    <ClInclude Include="MFCTestEditor.h">
      <Filter>Archivos de encabezado</Filter>
    </ClInclude>
    <ClInclude Include="stdafx.h">
      <Filter>Archivos de encabezado</Filter>
    </ClInclude>
    <ClInclude Include="targetver.h">
      <Filter>Archivos de encabezado</Filter>
    </ClInclude>
    <ClInclude Include="MainFrm.h">
      <Filter>Archivos de encabezado</Filter>
    </ClInclude>
    <ClInclude Include="ChildFrm.h">
      <Filter>Archivos de encabezado</Filter>
    </ClInclude>
    <ClInclude Include="MFCTestEditorDoc.h">
      <Filter>Archivos de encabezado</Filter>
    </ClInclude>
    <ClInclude Include="MFCTestEditorView.h">
      <Filter>Archivos de encabezado</Filter>
    </ClInclude>
    <ClInclude Include="Resource.h">
      <Filter>Archivos de encabezado</Filter>
    </ClInclude>
    <ClInclude Include="FileView.h">
      <Filter>Archivos de encabezado</Filter>
    </ClInclude>
    <ClInclude Include="ClassView.h">
      <Filter>Archivos de encabezado</Filter>
    </ClInclude>
    <ClInclude Include="ViewTree.h">
      <Filter>Archivos de encabezado</Filter>
    </ClInclude>
    <ClInclude Include="OutputWnd.h">
      <Filter>Archivos de encabezado</Filter>
    </ClInclude>
    <ClInclude Include="PropertiesWnd.h">
      <Filter>Archivos de encabezado</Filter>
    </ClInclude>
    <ClInclude Include="VCCEditBox.h">
      <Filter>Archivos de encabezado</Filter>
    </ClInclude>
  </ItemGroup>
  <ItemGroup>
    <ClCompile Include="MFCTestEditor.cpp">
      <Filter>Archivos de código fuente</Filter>
    </ClCompile>
    <ClCompile Include="stdafx.cpp">
      <Filter>Archivos de código fuente</Filter>
    </ClCompile>
    <ClCompile Include="MainFrm.cpp">
      <Filter>Archivos de código fuente</Filter>
    </ClCompile>
    <ClCompile Include="ChildFrm.cpp">
      <Filter>Archivos de código fuente</Filter>
    </ClCompile>
    <ClCompile Include="MFCTestEditorDoc.cpp">
      <Filter>Archivos de código fuente</Filter>
    </ClCompile>
    <ClCompile Include="MFCTestEditorView.cpp">
      <Filter>Archivos de código fuente</Filter>
    </ClCompile>
    <ClCompile Include="FileView.cpp">
      <Filter>Archivos de código fuente</Filter>
    </ClCompile>
    <ClCompile Include="ClassView.cpp">
      <Filter>Archivos de código fuente</Filter>
    </ClCompile>
    <ClCompile Include="ViewTree.cpp">
      <Filter>Archivos de código fuente</Filter>
    </ClCompile>
    <ClCompile Include="OutputWnd.cpp">
      <Filter>Archivos de código fuente</Filter>
    </ClCompile>
    <ClCompile Include="PropertiesWnd.cpp">
      <Filter>Archivos de código fuente</Filter>
    </ClCompile>
    <ClCompile Include="VCCEditBox.cpp">
      <Filter>Archivos de código fuente</Filter>
    </ClCompile>
  </ItemGroup>
  <ItemGroup>
    <ResourceCompile Include="MFCTestEditor.rc">
      <Filter>Archivos de recursos</Filter>
    </ResourceCompile>
  </ItemGroup>
</Project>