
Microsoft Visual Studio Solution File, Format Version 12.00
# Visual Studio 2013
VisualStudioVersion = 12.0.40629.0
MinimumVisualStudioVersion = 10.0.40219.1
Project("{FAE04EC0-301F-11D3-BF4B-00C04F79EFBC}") = "WiringPi.NET", "WiringPi.NET.csproj", "{972C0456-8547-4BD5-9F67-D1BFD773479E}"
EndProject
Project("{FAE04EC0-301F-11D3-BF4B-00C04F79EFBC}") = "TestApp", "..\TestApp\TestApp.csproj", "{7AF1A257-0C2A-42AD-ACF1-656F989381CE}"
EndProject
Global
	GlobalSection(SolutionConfigurationPlatforms) = preSolution
		Debug|Any CPU = Debug|Any CPU
		Release|Any CPU = Release|Any CPU
	EndGlobalSection
	GlobalSection(ProjectConfigurationPlatforms) = postSolution
		{972C0456-8547-4BD5-9F67-D1BFD773479E}.Debug|Any CPU.ActiveCfg = Debug|Any CPU
		{972C0456-8547-4BD5-9F67-D1BFD773479E}.Debug|Any CPU.Build.0 = Debug|Any CPU
		{972C0456-8547-4BD5-9F67-D1BFD773479E}.Release|Any CPU.ActiveCfg = Release|Any CPU
		{972C0456-8547-4BD5-9F67-D1BFD773479E}.Release|Any CPU.Build.0 = Release|Any CPU
		{7AF1A257-0C2A-42AD-ACF1-656F989381CE}.Debug|Any CPU.ActiveCfg = Debug|Any CPU
		{7AF1A257-0C2A-42AD-ACF1-656F989381CE}.Debug|Any CPU.Build.0 = Debug|Any CPU
		{7AF1A257-0C2A-42AD-ACF1-656F989381CE}.Release|Any CPU.ActiveCfg = Release|Any CPU
		{7AF1A257-0C2A-42AD-ACF1-656F989381CE}.Release|Any CPU.Build.0 = Release|Any CPU
	EndGlobalSection
	GlobalSection(SolutionProperties) = preSolution
		HideSolutionNode = FALSE
	EndGlobalSection
EndGlobal
