
Microsoft Visual Studio Solution File, Format Version 12.00
# Visual Studio 14
VisualStudioVersion = 14.0.25420.1
MinimumVisualStudioVersion = 10.0.40219.1
Project("{FAE04EC0-301F-11D3-BF4B-00C04F79EFBC}") = "T3000.NewEditor", "T3000.NewEditor\T3000.NewEditor.csproj", "{0F93CAE5-A528-488D-BE9E-85226AD5DD36}"
EndProject
Project("{F184B08F-C81C-45F6-A57F-5ABD9991F28F}") = "TestControls", "TestControls\TestControls.vbproj", "{5AA2E0BD-146E-4FD2-A910-B266958FC416}"
EndProject
Global
	GlobalSection(SolutionConfigurationPlatforms) = preSolution
		Debug|Any CPU = Debug|Any CPU
		Debug|x64 = Debug|x64
		Debug|x86 = Debug|x86
		Release|Any CPU = Release|Any CPU
		Release|x64 = Release|x64
		Release|x86 = Release|x86
	EndGlobalSection
	GlobalSection(ProjectConfigurationPlatforms) = postSolution
		{0F93CAE5-A528-488D-BE9E-85226AD5DD36}.Debug|Any CPU.ActiveCfg = Debug|Any CPU
		{0F93CAE5-A528-488D-BE9E-85226AD5DD36}.Debug|Any CPU.Build.0 = Debug|Any CPU
		{0F93CAE5-A528-488D-BE9E-85226AD5DD36}.Debug|x64.ActiveCfg = Debug|Any CPU
		{0F93CAE5-A528-488D-BE9E-85226AD5DD36}.Debug|x64.Build.0 = Debug|Any CPU
		{0F93CAE5-A528-488D-BE9E-85226AD5DD36}.Debug|x86.ActiveCfg = Debug|Any CPU
		{0F93CAE5-A528-488D-BE9E-85226AD5DD36}.Debug|x86.Build.0 = Debug|Any CPU
		{0F93CAE5-A528-488D-BE9E-85226AD5DD36}.Release|Any CPU.ActiveCfg = Release|Any CPU
		{0F93CAE5-A528-488D-BE9E-85226AD5DD36}.Release|Any CPU.Build.0 = Release|Any CPU
		{0F93CAE5-A528-488D-BE9E-85226AD5DD36}.Release|x64.ActiveCfg = Release|Any CPU
		{0F93CAE5-A528-488D-BE9E-85226AD5DD36}.Release|x64.Build.0 = Release|Any CPU
		{0F93CAE5-A528-488D-BE9E-85226AD5DD36}.Release|x86.ActiveCfg = Release|Any CPU
		{0F93CAE5-A528-488D-BE9E-85226AD5DD36}.Release|x86.Build.0 = Release|Any CPU
		{5AA2E0BD-146E-4FD2-A910-B266958FC416}.Debug|Any CPU.ActiveCfg = Debug|Any CPU
		{5AA2E0BD-146E-4FD2-A910-B266958FC416}.Debug|Any CPU.Build.0 = Debug|Any CPU
		{5AA2E0BD-146E-4FD2-A910-B266958FC416}.Debug|x64.ActiveCfg = Debug|Any CPU
		{5AA2E0BD-146E-4FD2-A910-B266958FC416}.Debug|x64.Build.0 = Debug|Any CPU
		{5AA2E0BD-146E-4FD2-A910-B266958FC416}.Debug|x86.ActiveCfg = Debug|Any CPU
		{5AA2E0BD-146E-4FD2-A910-B266958FC416}.Debug|x86.Build.0 = Debug|Any CPU
		{5AA2E0BD-146E-4FD2-A910-B266958FC416}.Release|Any CPU.ActiveCfg = Release|Any CPU
		{5AA2E0BD-146E-4FD2-A910-B266958FC416}.Release|Any CPU.Build.0 = Release|Any CPU
		{5AA2E0BD-146E-4FD2-A910-B266958FC416}.Release|x64.ActiveCfg = Release|Any CPU
		{5AA2E0BD-146E-4FD2-A910-B266958FC416}.Release|x64.Build.0 = Release|Any CPU
		{5AA2E0BD-146E-4FD2-A910-B266958FC416}.Release|x86.ActiveCfg = Release|Any CPU
		{5AA2E0BD-146E-4FD2-A910-B266958FC416}.Release|x86.Build.0 = Release|Any CPU
	EndGlobalSection
	GlobalSection(SolutionProperties) = preSolution
		HideSolutionNode = FALSE
	EndGlobalSection
EndGlobal
